// !$*UTF8*$!
{
	archiveVersion = 1;
	classes = {
	};
	objectVersion = 46;
	objects = {

/* Begin PBXAggregateTarget section */
		BF16BA3A17B506B50003C830 /* Distribute */ = {
			isa = PBXAggregateTarget;
			buildConfigurationList = BF16BA3B17B506B50003C830 /* Build configuration list for PBXAggregateTarget "Distribute" */;
			buildPhases = (
				BF16BA4017B506E40003C830 /* ShellScript */,
			);
			dependencies = (
				BF16BA3F17B506DD0003C830 /* PBXTargetDependency */,
			);
			name = Distribute;
			productName = Distribute;
		};
/* End PBXAggregateTarget section */

/* Begin PBXBuildFile section */
		BF16BA3517B500E60003C830 /* BibDeskWrapperEnablerSparkle.h in Headers */ = {isa = PBXBuildFile; fileRef = BF16BA3317B500E60003C830 /* BibDeskWrapperEnablerSparkle.h */; };
		BF16BA3617B500E60003C830 /* BibDeskWrapperEnablerSparkle.m in Sources */ = {isa = PBXBuildFile; fileRef = BF16BA3417B500E60003C830 /* BibDeskWrapperEnablerSparkle.m */; };
		BF16BA3817B506630003C830 /* dsa_pub.pem in Resources */ = {isa = PBXBuildFile; fileRef = BF16BA3717B506630003C830 /* dsa_pub.pem */; };
		BF1B35E617B4B75A00F95526 /* Cocoa.framework in Frameworks */ = {isa = PBXBuildFile; fileRef = BF1B35E517B4B75A00F95526 /* Cocoa.framework */; };
		BF1B35F017B4B75B00F95526 /* InfoPlist.strings in Resources */ = {isa = PBXBuildFile; fileRef = BF1B35EE17B4B75B00F95526 /* InfoPlist.strings */; };
		BF1B35F217B4B75B00F95526 /* main.m in Sources */ = {isa = PBXBuildFile; fileRef = BF1B35F117B4B75B00F95526 /* main.m */; };
		BF1B35F617B4B75B00F95526 /* Credits.rtf in Resources */ = {isa = PBXBuildFile; fileRef = BF1B35F417B4B75B00F95526 /* Credits.rtf */; };
		BF1B35F917B4B75B00F95526 /* GRDAppDelegate.m in Sources */ = {isa = PBXBuildFile; fileRef = BF1B35F817B4B75B00F95526 /* GRDAppDelegate.m */; };
		BF1B35FC17B4B75B00F95526 /* MainMenu.xib in Resources */ = {isa = PBXBuildFile; fileRef = BF1B35FA17B4B75B00F95526 /* MainMenu.xib */; };
		BF1B360717B4B8A700F95526 /* Cocoa.framework in Frameworks */ = {isa = PBXBuildFile; fileRef = BF1B35E517B4B75A00F95526 /* Cocoa.framework */; };
		BF1B360D17B4B8A700F95526 /* BibDeskWrapperEnabler.m in Sources */ = {isa = PBXBuildFile; fileRef = BF1B360C17B4B8A700F95526 /* BibDeskWrapperEnabler.m */; };
		BF1B361317B4BA1C00F95526 /* BibDeskWrapperEnabler.dylib in Resources */ = {isa = PBXBuildFile; fileRef = BF1B360617B4B8A600F95526 /* BibDeskWrapperEnabler.dylib */; };
		BF1B361617B4BBF000F95526 /* BDSKLinkedFileDropboxEnabler.h in Headers */ = {isa = PBXBuildFile; fileRef = BF1B361417B4BBF000F95526 /* BDSKLinkedFileDropboxEnabler.h */; };
		BF1B361717B4BBF000F95526 /* BDSKLinkedFileDropboxEnabler.m in Sources */ = {isa = PBXBuildFile; fileRef = BF1B361517B4BBF000F95526 /* BDSKLinkedFileDropboxEnabler.m */; };
		BF1B361B17B4D2AF00F95526 /* bibDocIcon.icns in Resources */ = {isa = PBXBuildFile; fileRef = BF1B361917B4D2AF00F95526 /* bibDocIcon.icns */; };
		BF1B361C17B4D2AF00F95526 /* FolderPenIcon.icns in Resources */ = {isa = PBXBuildFile; fileRef = BF1B361A17B4D2AF00F95526 /* FolderPenIcon.icns */; };
		BF1B362017B4D3B400F95526 /* cacheDoc.icns in Resources */ = {isa = PBXBuildFile; fileRef = BF1B361F17B4D3B400F95526 /* cacheDoc.icns */; };
		BF1B362217B4D3C300F95526 /* searchDocIcon.icns in Resources */ = {isa = PBXBuildFile; fileRef = BF1B362117B4D3C300F95526 /* searchDocIcon.icns */; };
		BF1B362417B4D3D700F95526 /* risDocIcon.icns in Resources */ = {isa = PBXBuildFile; fileRef = BF1B362317B4D3D700F95526 /* risDocIcon.icns */; };
		BF1BB90F17BC71800037C74F /* BibDesk.sdef in Resources */ = {isa = PBXBuildFile; fileRef = BF1BB90E17BC71800037C74F /* BibDesk.sdef */; };
		BF7F567317BF38EE00D977B8 /* github.css in Copy CSS */ = {isa = PBXBuildFile; fileRef = BF7F567217BF38EE00D977B8 /* github.css */; };
/* End PBXBuildFile section */

/* Begin PBXContainerItemProxy section */
		BF16BA3E17B506DD0003C830 /* PBXContainerItemProxy */ = {
			isa = PBXContainerItemProxy;
			containerPortal = BF1B35DA17B4B75A00F95526 /* Project object */;
			proxyType = 1;
			remoteGlobalIDString = BF1B35E117B4B75A00F95526;
			remoteInfo = BibDeskWrapper;
		};
		BF1B361117B4BA1600F95526 /* PBXContainerItemProxy */ = {
			isa = PBXContainerItemProxy;
			containerPortal = BF1B35DA17B4B75A00F95526 /* Project object */;
			proxyType = 1;
			remoteGlobalIDString = BF1B360517B4B8A600F95526;
			remoteInfo = BibDeskWrapperEnabler;
		};
/* End PBXContainerItemProxy section */

/* Begin PBXCopyFilesBuildPhase section */
		BF7F567117BF38D200D977B8 /* Copy CSS */ = {
			isa = PBXCopyFilesBuildPhase;
			buildActionMask = 2147483647;
			dstPath = css;
			dstSubfolderSpec = 7;
			files = (
				BF7F567317BF38EE00D977B8 /* github.css in Copy CSS */,
			);
			name = "Copy CSS";
			runOnlyForDeploymentPostprocessing = 0;
		};
/* End PBXCopyFilesBuildPhase section */

/* Begin PBXFileReference section */
		BF16BA3317B500E60003C830 /* BibDeskWrapperEnablerSparkle.h */ = {isa = PBXFileReference; fileEncoding = 4; lastKnownFileType = sourcecode.c.h; path = BibDeskWrapperEnablerSparkle.h; sourceTree = "<group>"; };
		BF16BA3417B500E60003C830 /* BibDeskWrapperEnablerSparkle.m */ = {isa = PBXFileReference; fileEncoding = 4; lastKnownFileType = sourcecode.c.objc; path = BibDeskWrapperEnablerSparkle.m; sourceTree = "<group>"; };
		BF16BA3717B506630003C830 /* dsa_pub.pem */ = {isa = PBXFileReference; fileEncoding = 4; lastKnownFileType = text; path = dsa_pub.pem; sourceTree = "<group>"; };
		BF1B35E217B4B75A00F95526 /* BibDeskWrapper.app */ = {isa = PBXFileReference; explicitFileType = wrapper.application; includeInIndex = 0; path = BibDeskWrapper.app; sourceTree = BUILT_PRODUCTS_DIR; };
		BF1B35E517B4B75A00F95526 /* Cocoa.framework */ = {isa = PBXFileReference; lastKnownFileType = wrapper.framework; name = Cocoa.framework; path = System/Library/Frameworks/Cocoa.framework; sourceTree = SDKROOT; };
		BF1B35E817B4B75A00F95526 /* AppKit.framework */ = {isa = PBXFileReference; lastKnownFileType = wrapper.framework; name = AppKit.framework; path = System/Library/Frameworks/AppKit.framework; sourceTree = SDKROOT; };
		BF1B35E917B4B75A00F95526 /* CoreData.framework */ = {isa = PBXFileReference; lastKnownFileType = wrapper.framework; name = CoreData.framework; path = System/Library/Frameworks/CoreData.framework; sourceTree = SDKROOT; };
		BF1B35EA17B4B75A00F95526 /* Foundation.framework */ = {isa = PBXFileReference; lastKnownFileType = wrapper.framework; name = Foundation.framework; path = System/Library/Frameworks/Foundation.framework; sourceTree = SDKROOT; };
		BF1B35ED17B4B75B00F95526 /* BibDeskWrapper-Info.plist */ = {isa = PBXFileReference; lastKnownFileType = text.plist.xml; path = "BibDeskWrapper-Info.plist"; sourceTree = "<group>"; };
		BF1B35EF17B4B75B00F95526 /* en */ = {isa = PBXFileReference; lastKnownFileType = text.plist.strings; name = en; path = en.lproj/InfoPlist.strings; sourceTree = "<group>"; };
		BF1B35F117B4B75B00F95526 /* main.m */ = {isa = PBXFileReference; lastKnownFileType = sourcecode.c.objc; path = main.m; sourceTree = "<group>"; };
		BF1B35F317B4B75B00F95526 /* BibDeskWrapper-Prefix.pch */ = {isa = PBXFileReference; lastKnownFileType = sourcecode.c.h; path = "BibDeskWrapper-Prefix.pch"; sourceTree = "<group>"; };
		BF1B35F517B4B75B00F95526 /* en */ = {isa = PBXFileReference; lastKnownFileType = text.rtf; name = en; path = en.lproj/Credits.rtf; sourceTree = "<group>"; };
		BF1B35F717B4B75B00F95526 /* GRDAppDelegate.h */ = {isa = PBXFileReference; lastKnownFileType = sourcecode.c.h; path = GRDAppDelegate.h; sourceTree = "<group>"; };
		BF1B35F817B4B75B00F95526 /* GRDAppDelegate.m */ = {isa = PBXFileReference; lastKnownFileType = sourcecode.c.objc; path = GRDAppDelegate.m; sourceTree = "<group>"; };
		BF1B35FB17B4B75B00F95526 /* en */ = {isa = PBXFileReference; lastKnownFileType = file.xib; name = en; path = en.lproj/MainMenu.xib; sourceTree = "<group>"; };
		BF1B360617B4B8A600F95526 /* BibDeskWrapperEnabler.dylib */ = {isa = PBXFileReference; explicitFileType = "compiled.mach-o.dylib"; includeInIndex = 0; path = BibDeskWrapperEnabler.dylib; sourceTree = BUILT_PRODUCTS_DIR; };
		BF1B360A17B4B8A700F95526 /* BibDeskWrapperEnabler-Prefix.pch */ = {isa = PBXFileReference; lastKnownFileType = sourcecode.c.h; path = "BibDeskWrapperEnabler-Prefix.pch"; sourceTree = "<group>"; };
		BF1B360B17B4B8A700F95526 /* BibDeskWrapperEnabler.h */ = {isa = PBXFileReference; lastKnownFileType = sourcecode.c.h; path = BibDeskWrapperEnabler.h; sourceTree = "<group>"; };
		BF1B360C17B4B8A700F95526 /* BibDeskWrapperEnabler.m */ = {isa = PBXFileReference; lastKnownFileType = sourcecode.c.objc; path = BibDeskWrapperEnabler.m; sourceTree = "<group>"; };
		BF1B361417B4BBF000F95526 /* BDSKLinkedFileDropboxEnabler.h */ = {isa = PBXFileReference; fileEncoding = 4; lastKnownFileType = sourcecode.c.h; path = BDSKLinkedFileDropboxEnabler.h; sourceTree = "<group>"; };
		BF1B361517B4BBF000F95526 /* BDSKLinkedFileDropboxEnabler.m */ = {isa = PBXFileReference; fileEncoding = 4; lastKnownFileType = sourcecode.c.objc; path = BDSKLinkedFileDropboxEnabler.m; sourceTree = "<group>"; };
		BF1B361917B4D2AF00F95526 /* bibDocIcon.icns */ = {isa = PBXFileReference; lastKnownFileType = image.icns; path = bibDocIcon.icns; sourceTree = "<group>"; };
		BF1B361A17B4D2AF00F95526 /* FolderPenIcon.icns */ = {isa = PBXFileReference; lastKnownFileType = image.icns; path = FolderPenIcon.icns; sourceTree = "<group>"; };
		BF1B361F17B4D3B400F95526 /* cacheDoc.icns */ = {isa = PBXFileReference; lastKnownFileType = image.icns; path = cacheDoc.icns; sourceTree = "<group>"; };
		BF1B362117B4D3C300F95526 /* searchDocIcon.icns */ = {isa = PBXFileReference; lastKnownFileType = image.icns; path = searchDocIcon.icns; sourceTree = "<group>"; };
		BF1B362317B4D3D700F95526 /* risDocIcon.icns */ = {isa = PBXFileReference; lastKnownFileType = image.icns; path = risDocIcon.icns; sourceTree = "<group>"; };
		BF1BB90E17BC71800037C74F /* BibDesk.sdef */ = {isa = PBXFileReference; fileEncoding = 4; lastKnownFileType = text.xml; path = BibDesk.sdef; sourceTree = "<group>"; };
		BF7F567217BF38EE00D977B8 /* github.css */ = {isa = PBXFileReference; lastKnownFileType = text.css; name = github.css; path = ../appcast/css/github.css; sourceTree = "<group>"; };
/* End PBXFileReference section */

/* Begin PBXFrameworksBuildPhase section */
		BF1B35DF17B4B75A00F95526 /* Frameworks */ = {
			isa = PBXFrameworksBuildPhase;
			buildActionMask = 2147483647;
			files = (
				BF1B35E617B4B75A00F95526 /* Cocoa.framework in Frameworks */,
			);
			runOnlyForDeploymentPostprocessing = 0;
		};
		BF1B360317B4B8A600F95526 /* Frameworks */ = {
			isa = PBXFrameworksBuildPhase;
			buildActionMask = 2147483647;
			files = (
				BF1B360717B4B8A700F95526 /* Cocoa.framework in Frameworks */,
			);
			runOnlyForDeploymentPostprocessing = 0;
		};
/* End PBXFrameworksBuildPhase section */

/* Begin PBXGroup section */
		BF1B35D917B4B75A00F95526 = {
			isa = PBXGroup;
			children = (
				BF1B35EB17B4B75A00F95526 /* BibDeskWrapper */,
				BF1B360817B4B8A700F95526 /* BibDeskWrapperEnabler */,
				BF1B35E417B4B75A00F95526 /* Frameworks */,
				BF1B35E317B4B75A00F95526 /* Products */,
			);
			sourceTree = "<group>";
		};
		BF1B35E317B4B75A00F95526 /* Products */ = {
			isa = PBXGroup;
			children = (
				BF1B35E217B4B75A00F95526 /* BibDeskWrapper.app */,
				BF1B360617B4B8A600F95526 /* BibDeskWrapperEnabler.dylib */,
			);
			name = Products;
			sourceTree = "<group>";
		};
		BF1B35E417B4B75A00F95526 /* Frameworks */ = {
			isa = PBXGroup;
			children = (
				BF1B35E517B4B75A00F95526 /* Cocoa.framework */,
				BF1B35E717B4B75A00F95526 /* Other Frameworks */,
			);
			name = Frameworks;
			sourceTree = "<group>";
		};
		BF1B35E717B4B75A00F95526 /* Other Frameworks */ = {
			isa = PBXGroup;
			children = (
				BF1B35E817B4B75A00F95526 /* AppKit.framework */,
				BF1B35E917B4B75A00F95526 /* CoreData.framework */,
				BF1B35EA17B4B75A00F95526 /* Foundation.framework */,
			);
			name = "Other Frameworks";
			sourceTree = "<group>";
		};
		BF1B35EB17B4B75A00F95526 /* BibDeskWrapper */ = {
			isa = PBXGroup;
			children = (
				BF1B35F717B4B75B00F95526 /* GRDAppDelegate.h */,
				BF1B35F817B4B75B00F95526 /* GRDAppDelegate.m */,
				BF1B35FA17B4B75B00F95526 /* MainMenu.xib */,
				BF1B361817B4D2A100F95526 /* Resources */,
				BF1B35EC17B4B75B00F95526 /* Supporting Files */,
			);
			path = BibDeskWrapper;
			sourceTree = "<group>";
		};
		BF1B35EC17B4B75B00F95526 /* Supporting Files */ = {
			isa = PBXGroup;
			children = (
				BF1B35ED17B4B75B00F95526 /* BibDeskWrapper-Info.plist */,
				BF1B35EE17B4B75B00F95526 /* InfoPlist.strings */,
				BF1B35F117B4B75B00F95526 /* main.m */,
				BF1B35F317B4B75B00F95526 /* BibDeskWrapper-Prefix.pch */,
				BF1B35F417B4B75B00F95526 /* Credits.rtf */,
			);
			name = "Supporting Files";
			sourceTree = "<group>";
		};
		BF1B360817B4B8A700F95526 /* BibDeskWrapperEnabler */ = {
			isa = PBXGroup;
			children = (
				BF1B360B17B4B8A700F95526 /* BibDeskWrapperEnabler.h */,
				BF1B360C17B4B8A700F95526 /* BibDeskWrapperEnabler.m */,
				BF1B361417B4BBF000F95526 /* BDSKLinkedFileDropboxEnabler.h */,
				BF1B361517B4BBF000F95526 /* BDSKLinkedFileDropboxEnabler.m */,
				BF16BA3317B500E60003C830 /* BibDeskWrapperEnablerSparkle.h */,
				BF16BA3417B500E60003C830 /* BibDeskWrapperEnablerSparkle.m */,
				BF1B360917B4B8A700F95526 /* Supporting Files */,
			);
			path = BibDeskWrapperEnabler;
			sourceTree = "<group>";
		};
		BF1B360917B4B8A700F95526 /* Supporting Files */ = {
			isa = PBXGroup;
			children = (
				BF1B360A17B4B8A700F95526 /* BibDeskWrapperEnabler-Prefix.pch */,
			);
			name = "Supporting Files";
			sourceTree = "<group>";
		};
		BF1B361817B4D2A100F95526 /* Resources */ = {
			isa = PBXGroup;
			children = (
				BF1BB90E17BC71800037C74F /* BibDesk.sdef */,
				BF1B361917B4D2AF00F95526 /* bibDocIcon.icns */,
				BF1B361A17B4D2AF00F95526 /* FolderPenIcon.icns */,
				BF1B361F17B4D3B400F95526 /* cacheDoc.icns */,
				BF1B362117B4D3C300F95526 /* searchDocIcon.icns */,
				BF1B362317B4D3D700F95526 /* risDocIcon.icns */,
				BF16BA3717B506630003C830 /* dsa_pub.pem */,
				BF7F567217BF38EE00D977B8 /* github.css */,
			);
			name = Resources;
			sourceTree = "<group>";
		};
/* End PBXGroup section */

/* Begin PBXHeadersBuildPhase section */
		BF1B360417B4B8A600F95526 /* Headers */ = {
			isa = PBXHeadersBuildPhase;
			buildActionMask = 2147483647;
			files = (
				BF1B361617B4BBF000F95526 /* BDSKLinkedFileDropboxEnabler.h in Headers */,
				BF16BA3517B500E60003C830 /* BibDeskWrapperEnablerSparkle.h in Headers */,
			);
			runOnlyForDeploymentPostprocessing = 0;
		};
/* End PBXHeadersBuildPhase section */

/* Begin PBXNativeTarget section */
		BF1B35E117B4B75A00F95526 /* BibDeskWrapper */ = {
			isa = PBXNativeTarget;
			buildConfigurationList = BF1B35FF17B4B75B00F95526 /* Build configuration list for PBXNativeTarget "BibDeskWrapper" */;
			buildPhases = (
				BF1B35DE17B4B75A00F95526 /* Sources */,
				BF1B35DF17B4B75A00F95526 /* Frameworks */,
				BF1B35E017B4B75A00F95526 /* Resources */,
				BF16BA4117B5080E0003C830 /* Update Version Numbers */,
				BF7F567017BF389500D977B8 /* Generate Release Notes */,
				BF7F567117BF38D200D977B8 /* Copy CSS */,
			);
			buildRules = (
			);
			dependencies = (
				BF1B361217B4BA1600F95526 /* PBXTargetDependency */,
			);
			name = BibDeskWrapper;
			productName = BibDeskWrapper;
			productReference = BF1B35E217B4B75A00F95526 /* BibDeskWrapper.app */;
			productType = "com.apple.product-type.application";
		};
		BF1B360517B4B8A600F95526 /* BibDeskWrapperEnabler */ = {
			isa = PBXNativeTarget;
			buildConfigurationList = BF1B360E17B4B8A700F95526 /* Build configuration list for PBXNativeTarget "BibDeskWrapperEnabler" */;
			buildPhases = (
				BF1B360217B4B8A600F95526 /* Sources */,
				BF1B360317B4B8A600F95526 /* Frameworks */,
				BF1B360417B4B8A600F95526 /* Headers */,
			);
			buildRules = (
			);
			dependencies = (
			);
			name = BibDeskWrapperEnabler;
			productName = BibDeskWrapperEnabler;
			productReference = BF1B360617B4B8A600F95526 /* BibDeskWrapperEnabler.dylib */;
			productType = "com.apple.product-type.library.dynamic";
		};
/* End PBXNativeTarget section */

/* Begin PBXProject section */
		BF1B35DA17B4B75A00F95526 /* Project object */ = {
			isa = PBXProject;
			attributes = {
				CLASSPREFIX = GRD;
				LastUpgradeCheck = 0460;
				ORGANIZATIONNAME = "Graham Dennis";
			};
			buildConfigurationList = BF1B35DD17B4B75A00F95526 /* Build configuration list for PBXProject "BibDeskWrapper" */;
			compatibilityVersion = "Xcode 3.2";
			developmentRegion = English;
			hasScannedForEncodings = 0;
			knownRegions = (
				en,
			);
			mainGroup = BF1B35D917B4B75A00F95526;
			productRefGroup = BF1B35E317B4B75A00F95526 /* Products */;
			projectDirPath = "";
			projectRoot = "";
			targets = (
				BF1B35E117B4B75A00F95526 /* BibDeskWrapper */,
				BF1B360517B4B8A600F95526 /* BibDeskWrapperEnabler */,
				BF16BA3A17B506B50003C830 /* Distribute */,
			);
		};
/* End PBXProject section */

/* Begin PBXResourcesBuildPhase section */
		BF1B35E017B4B75A00F95526 /* Resources */ = {
			isa = PBXResourcesBuildPhase;
			buildActionMask = 2147483647;
			files = (
				BF1B361317B4BA1C00F95526 /* BibDeskWrapperEnabler.dylib in Resources */,
				BF1B35F017B4B75B00F95526 /* InfoPlist.strings in Resources */,
				BF1B35F617B4B75B00F95526 /* Credits.rtf in Resources */,
				BF1B35FC17B4B75B00F95526 /* MainMenu.xib in Resources */,
				BF1B361B17B4D2AF00F95526 /* bibDocIcon.icns in Resources */,
				BF1B361C17B4D2AF00F95526 /* FolderPenIcon.icns in Resources */,
				BF1B362017B4D3B400F95526 /* cacheDoc.icns in Resources */,
				BF1B362217B4D3C300F95526 /* searchDocIcon.icns in Resources */,
				BF1B362417B4D3D700F95526 /* risDocIcon.icns in Resources */,
				BF16BA3817B506630003C830 /* dsa_pub.pem in Resources */,
				BF1BB90F17BC71800037C74F /* BibDesk.sdef in Resources */,
			);
			runOnlyForDeploymentPostprocessing = 0;
		};
/* End PBXResourcesBuildPhase section */

/* Begin PBXShellScriptBuildPhase section */
		BF16BA4017B506E40003C830 /* ShellScript */ = {
			isa = PBXShellScriptBuildPhase;
			buildActionMask = 2147483647;
			files = (
			);
			inputPaths = (
			);
			outputPaths = (
			);
			runOnlyForDeploymentPostprocessing = 0;
			shellPath = /bin/bash;
			shellScript = "set -o errexit\n\n[ $CONFIGURATION = Release ] || { echo Distribution target requires \"'Release'\" build style; false; }\n\nVERSION=$(defaults read \"$BUILT_PRODUCTS_DIR/$PROJECT_NAME.app/Contents/Info\" CFBundleShortVersionString)\nBUNDLE_VERSION=$(defaults read \"$BUILT_PRODUCTS_DIR/$PROJECT_NAME.app/Contents/Info\" CFBundleVersion)\nDOWNLOAD_BASE_URL=\"http://sourceforge.net/projects/zmdns/files/\"\nRELEASENOTES_URL=\"http://zmdns.sourceforge.net/bibdeskwrapper/release-notes.html#version-$VERSION\"\n\nARCHIVE_FILENAME=\"$PROJECT_NAME-$VERSION.zip\"\nDOWNLOAD_URL=\"$DOWNLOAD_BASE_URL/$ARCHIVE_FILENAME/download\"\nKEYCHAIN_PRIVKEY_NAME=\"BibDeskWrapper Sparkle Private Key\"\n\nWD=$PWD\ncd \"$BUILT_PRODUCTS_DIR\"\nrm -f \"$PROJECT_NAME\"*.zip\nditto -ck --keepParent \"$PROJECT_NAME.app\" \"$ARCHIVE_FILENAME\"\n\nSIZE=$(stat -f %z \"$ARCHIVE_FILENAME\")\nPUBDATE=$(LC_TIME=en_US date +\"%a, %d %b %G %T %z\")\nSIGNATURE=$(\nopenssl dgst -sha1 -binary < \"$ARCHIVE_FILENAME\" \\\n| openssl dgst -dss1 -sign <(security find-generic-password -g -s \"$KEYCHAIN_PRIVKEY_NAME\" 2>&1 1>/dev/null | perl -pe '($_) = /(-----BEGIN DSA PRIVATE KEY-----.+-----END DSA PRIVATE KEY-----)/; s/\\\\012/\\n/g') \\\n| openssl enc -base64\n)\n\n[ $SIGNATURE ] || { echo Unable to load signing private key with name \"'$KEYCHAIN_PRIVKEY_NAME'\" from keychain; false; }\n\ncat > ${WD}/appcast/appcast-${VERSION}.xml <<EOF\n<item>\n<title>BibDeskWrapper $VERSION</title>\n<sparkle:releaseNotesLink>$RELEASENOTES_URL</sparkle:releaseNotesLink>\n<pubDate>$PUBDATE</pubDate>\n<enclosure\nurl=\"$DOWNLOAD_URL\"\nsparkle:version=\"$BUNDLE_VERSION\"\nsparkle:shortVersionString=\"$VERSION\"\ntype=\"application/octet-stream\"\nlength=\"$SIZE\"\nsparkle:dsaSignature=\"$SIGNATURE\"\n/>\n</item>\nEOF\n\necho scp \"'$BUILT_PRODUCTS_DIR/$ARCHIVE_FILENAME'\" zmdns.frs.sf.net:/home/frs/project/z/zm/zmdns/\n\necho \"Merge $WD/appcast/appcast-${VERSION}.xml into $WD/appcast/appcast.xml, then:\"\necho scp -r \"$WD/appcast/*\" zmdns.web.sf.net:/home/project-web/zmdns/htdocs/bibdeskwrapper";
		};
		BF16BA4117B5080E0003C830 /* Update Version Numbers */ = {
			isa = PBXShellScriptBuildPhase;
			buildActionMask = 2147483647;
			files = (
			);
			inputPaths = (
			);
			name = "Update Version Numbers";
			outputPaths = (
			);
			runOnlyForDeploymentPostprocessing = 0;
			shellPath = /bin/bash;
			shellScript = "set -o errexit\n\nPLISTBUDDY=\"/usr/libexec/PlistBuddy\"\n\ncd ${SRCROOT}\nBUILD=`git log --pretty=format:'' | wc -l`\n#BUILD=`./buildNumber.rb -d ../ | awk '{print $1}'`\n$PLISTBUDDY ${BUILT_PRODUCTS_DIR}/${FULL_PRODUCT_NAME}/Contents/Info.plist -c \"Set :CFBundleVersion $BUILD\"\n\nSHORTVERSION_NAME=`git describe --tags --always`\n$PLISTBUDDY ${BUILT_PRODUCTS_DIR}/${FULL_PRODUCT_NAME}/Contents/Info.plist -c \"Set :CFBundleShortVersionString $SHORTVERSION_NAME\"";
		};
		BF7F567017BF389500D977B8 /* Generate Release Notes */ = {
			isa = PBXShellScriptBuildPhase;
			buildActionMask = 2147483647;
			files = (
			);
			inputPaths = (
			);
			name = "Generate Release Notes";
			outputPaths = (
			);
			runOnlyForDeploymentPostprocessing = 0;
			shellPath = /bin/bash;
			shellScript = "set -o errexit\n\n/opt/local/bin/multimarkdown -o ${SRCROOT}/appcast/release-notes.html ${SRCROOT}/release-notes.md\n\ncp ${SRCROOT}/appcast/release-notes.html ${BUILT_PRODUCTS_DIR}/${FULL_PRODUCT_NAME}/Contents/Resources/";
		};
/* End PBXShellScriptBuildPhase section */

/* Begin PBXSourcesBuildPhase section */
		BF1B35DE17B4B75A00F95526 /* Sources */ = {
			isa = PBXSourcesBuildPhase;
			buildActionMask = 2147483647;
			files = (
				BF1B35F217B4B75B00F95526 /* main.m in Sources */,
				BF1B35F917B4B75B00F95526 /* GRDAppDelegate.m in Sources */,
			);
			runOnlyForDeploymentPostprocessing = 0;
		};
		BF1B360217B4B8A600F95526 /* Sources */ = {
			isa = PBXSourcesBuildPhase;
			buildActionMask = 2147483647;
			files = (
				BF1B360D17B4B8A700F95526 /* BibDeskWrapperEnabler.m in Sources */,
				BF1B361717B4BBF000F95526 /* BDSKLinkedFileDropboxEnabler.m in Sources */,
				BF16BA3617B500E60003C830 /* BibDeskWrapperEnablerSparkle.m in Sources */,
			);
			runOnlyForDeploymentPostprocessing = 0;
		};
/* End PBXSourcesBuildPhase section */

/* Begin PBXTargetDependency section */
		BF16BA3F17B506DD0003C830 /* PBXTargetDependency */ = {
			isa = PBXTargetDependency;
			target = BF1B35E117B4B75A00F95526 /* BibDeskWrapper */;
			targetProxy = BF16BA3E17B506DD0003C830 /* PBXContainerItemProxy */;
		};
		BF1B361217B4BA1600F95526 /* PBXTargetDependency */ = {
			isa = PBXTargetDependency;
			target = BF1B360517B4B8A600F95526 /* BibDeskWrapperEnabler */;
			targetProxy = BF1B361117B4BA1600F95526 /* PBXContainerItemProxy */;
		};
/* End PBXTargetDependency section */

/* Begin PBXVariantGroup section */
		BF1B35EE17B4B75B00F95526 /* InfoPlist.strings */ = {
			isa = PBXVariantGroup;
			children = (
				BF1B35EF17B4B75B00F95526 /* en */,
			);
			name = InfoPlist.strings;
			sourceTree = "<group>";
		};
		BF1B35F417B4B75B00F95526 /* Credits.rtf */ = {
			isa = PBXVariantGroup;
			children = (
				BF1B35F517B4B75B00F95526 /* en */,
			);
			name = Credits.rtf;
			sourceTree = "<group>";
		};
		BF1B35FA17B4B75B00F95526 /* MainMenu.xib */ = {
			isa = PBXVariantGroup;
			children = (
				BF1B35FB17B4B75B00F95526 /* en */,
			);
			name = MainMenu.xib;
			sourceTree = "<group>";
		};
/* End PBXVariantGroup section */

/* Begin XCBuildConfiguration section */
		BF16BA3C17B506B50003C830 /* Debug */ = {
			isa = XCBuildConfiguration;
			buildSettings = {
				PRODUCT_NAME = "$(TARGET_NAME)";
			};
			name = Debug;
		};
		BF16BA3D17B506B50003C830 /* Release */ = {
			isa = XCBuildConfiguration;
			buildSettings = {
				PRODUCT_NAME = "$(TARGET_NAME)";
			};
			name = Release;
		};
		BF1B35FD17B4B75B00F95526 /* Debug */ = {
			isa = XCBuildConfiguration;
			buildSettings = {
				ALWAYS_SEARCH_USER_PATHS = NO;
				ARCHS = "$(ARCHS_STANDARD_64_BIT)";
				CLANG_CXX_LANGUAGE_STANDARD = "gnu++0x";
				CLANG_CXX_LIBRARY = "libc++";
				CLANG_WARN_CONSTANT_CONVERSION = YES;
				CLANG_WARN_EMPTY_BODY = YES;
				CLANG_WARN_ENUM_CONVERSION = YES;
				CLANG_WARN_INT_CONVERSION = YES;
				CLANG_WARN__DUPLICATE_METHOD_MATCH = YES;
				COPY_PHASE_STRIP = NO;
				GCC_C_LANGUAGE_STANDARD = gnu99;
				GCC_DYNAMIC_NO_PIC = NO;
				GCC_ENABLE_OBJC_EXCEPTIONS = YES;
				GCC_OPTIMIZATION_LEVEL = 0;
				GCC_PREPROCESSOR_DEFINITIONS = (
					"DEBUG=1",
					"$(inherited)",
				);
				GCC_SYMBOLS_PRIVATE_EXTERN = NO;
				GCC_WARN_64_TO_32_BIT_CONVERSION = YES;
				GCC_WARN_ABOUT_RETURN_TYPE = YES;
				GCC_WARN_UNINITIALIZED_AUTOS = YES;
				GCC_WARN_UNUSED_VARIABLE = YES;
				MACOSX_DEPLOYMENT_TARGET = 10.8;
				ONLY_ACTIVE_ARCH = YES;
				SDKROOT = macosx;
			};
			name = Debug;
		};
		BF1B35FE17B4B75B00F95526 /* Release */ = {
			isa = XCBuildConfiguration;
			buildSettings = {
				ALWAYS_SEARCH_USER_PATHS = NO;
				ARCHS = "$(ARCHS_STANDARD_64_BIT)";
				CLANG_CXX_LANGUAGE_STANDARD = "gnu++0x";
				CLANG_CXX_LIBRARY = "libc++";
				CLANG_WARN_CONSTANT_CONVERSION = YES;
				CLANG_WARN_EMPTY_BODY = YES;
				CLANG_WARN_ENUM_CONVERSION = YES;
				CLANG_WARN_INT_CONVERSION = YES;
				CLANG_WARN__DUPLICATE_METHOD_MATCH = YES;
				COPY_PHASE_STRIP = YES;
				DEBUG_INFORMATION_FORMAT = "dwarf-with-dsym";
				GCC_C_LANGUAGE_STANDARD = gnu99;
				GCC_ENABLE_OBJC_EXCEPTIONS = YES;
				GCC_WARN_64_TO_32_BIT_CONVERSION = YES;
				GCC_WARN_ABOUT_RETURN_TYPE = YES;
				GCC_WARN_UNINITIALIZED_AUTOS = YES;
				GCC_WARN_UNUSED_VARIABLE = YES;
				MACOSX_DEPLOYMENT_TARGET = 10.8;
				SDKROOT = macosx;
			};
			name = Release;
		};
		BF1B360017B4B75B00F95526 /* Debug */ = {
			isa = XCBuildConfiguration;
			buildSettings = {
				COMBINE_HIDPI_IMAGES = YES;
				GCC_PRECOMPILE_PREFIX_HEADER = YES;
				GCC_PREFIX_HEADER = "BibDeskWrapper/BibDeskWrapper-Prefix.pch";
				INFOPLIST_FILE = "BibDeskWrapper/BibDeskWrapper-Info.plist";
				MACOSX_DEPLOYMENT_TARGET = 10.6;
				PRODUCT_NAME = "$(TARGET_NAME)";
				WRAPPER_EXTENSION = app;
			};
			name = Debug;
		};
		BF1B360117B4B75B00F95526 /* Release */ = {
			isa = XCBuildConfiguration;
			buildSettings = {
				COMBINE_HIDPI_IMAGES = YES;
				GCC_PRECOMPILE_PREFIX_HEADER = YES;
				GCC_PREFIX_HEADER = "BibDeskWrapper/BibDeskWrapper-Prefix.pch";
				INFOPLIST_FILE = "BibDeskWrapper/BibDeskWrapper-Info.plist";
				MACOSX_DEPLOYMENT_TARGET = 10.6;
				PRODUCT_NAME = "$(TARGET_NAME)";
				WRAPPER_EXTENSION = app;
			};
			name = Release;
		};
		BF1B360F17B4B8A700F95526 /* Debug */ = {
			isa = XCBuildConfiguration;
			buildSettings = {
				DYLIB_COMPATIBILITY_VERSION = 1;
				DYLIB_CURRENT_VERSION = 1;
				GCC_PRECOMPILE_PREFIX_HEADER = YES;
				GCC_PREFIX_HEADER = "BibDeskWrapperEnabler/BibDeskWrapperEnabler-Prefix.pch";
				PRODUCT_NAME = "$(TARGET_NAME)";
			};
			name = Debug;
		};
		BF1B361017B4B8A700F95526 /* Release */ = {
			isa = XCBuildConfiguration;
			buildSettings = {
				DYLIB_COMPATIBILITY_VERSION = 1;
				DYLIB_CURRENT_VERSION = 1;
				GCC_PRECOMPILE_PREFIX_HEADER = YES;
				GCC_PREFIX_HEADER = "BibDeskWrapperEnabler/BibDeskWrapperEnabler-Prefix.pch";
				PRODUCT_NAME = "$(TARGET_NAME)";
			};
			name = Release;
		};
/* End XCBuildConfiguration section */

/* Begin XCConfigurationList section */
		BF16BA3B17B506B50003C830 /* Build configuration list for PBXAggregateTarget "Distribute" */ = {
			isa = XCConfigurationList;
			buildConfigurations = (
				BF16BA3C17B506B50003C830 /* Debug */,
				BF16BA3D17B506B50003C830 /* Release */,
			);
			defaultConfigurationIsVisible = 0;
			defaultConfigurationName = Release;
		};
		BF1B35DD17B4B75A00F95526 /* Build configuration list for PBXProject "BibDeskWrapper" */ = {
			isa = XCConfigurationList;
			buildConfigurations = (
				BF1B35FD17B4B75B00F95526 /* Debug */,
				BF1B35FE17B4B75B00F95526 /* Release */,
			);
			defaultConfigurationIsVisible = 0;
			defaultConfigurationName = Release;
		};
		BF1B35FF17B4B75B00F95526 /* Build configuration list for PBXNativeTarget "BibDeskWrapper" */ = {
			isa = XCConfigurationList;
			buildConfigurations = (
				BF1B360017B4B75B00F95526 /* Debug */,
				BF1B360117B4B75B00F95526 /* Release */,
			);
			defaultConfigurationIsVisible = 0;
			defaultConfigurationName = Release;
		};
		BF1B360E17B4B8A700F95526 /* Build configuration list for PBXNativeTarget "BibDeskWrapperEnabler" */ = {
			isa = XCConfigurationList;
			buildConfigurations = (
				BF1B360F17B4B8A700F95526 /* Debug */,
				BF1B361017B4B8A700F95526 /* Release */,
			);
			defaultConfigurationIsVisible = 0;
			defaultConfigurationName = Release;
		};
/* End XCConfigurationList section */
	};
	rootObject = BF1B35DA17B4B75A00F95526 /* Project object */;
}
